
Microsoft Visual Studio Solution File, Format Version 12.00
# Visual Studio 15
VisualStudioVersion = 15.0.28307.438
MinimumVisualStudioVersion = 10.0.40219.1
Project("{2150E333-8FDC-42A3-9474-1A3956D46DE8}") = "Website", "Website", "{A01ABCE2-D45D-4870-AE72-147135720B41}"
EndProject
Project("{2150E333-8FDC-42A3-9474-1A3956D46DE8}") = "Start", "Start", "{A5345748-7BE0-44E6-BA78-15363ACB1A89}"
EndProject
Project("{FAE04EC0-301F-11D3-BF4B-00C04F79EFBC}") = "LearningProject.Web", "LearningProject.Web\LearningProject.Web.csproj", "{C6A6B20D-30DB-4EBC-921B-A8F36D74B65C}"
EndProject
Project("{FAE04EC0-301F-11D3-BF4B-00C04F79EFBC}") = "LearningProject.Web.Core", "LearningProject.Web.Core\LearningProject.Web.Core.csproj", "{BC0EC0FF-2AD3-49C2-80C0-CF17FE85CFAB}"
EndProject
Project("{FAE04EC0-301F-11D3-BF4B-00C04F79EFBC}") = "LearningProject.Integration", "LearningProject.Integration\LearningProject.Integration.csproj", "{2420C286-C01F-451A-B9D5-BD3512969ACB}"
EndProject
Project("{2150E333-8FDC-42A3-9474-1A3956D46DE8}") = "API", "API", "{E8834ADD-BDE4-4AC1-8835-3D051D957BAE}"
EndProject
Project("{FAE04EC0-301F-11D3-BF4B-00C04F79EFBC}") = "LearningProject.API", "LearningProject.API\LearningProject.API.csproj", "{FF8AF174-579A-479C-BF4B-03DE9F2B58AA}"
EndProject
Project("{FAE04EC0-301F-11D3-BF4B-00C04F79EFBC}") = "LearningProject.API.Mock", "LearningProject.API.Mock\LearningProject.API.Mock.csproj", "{DA4DFF5C-9665-491B-8884-2C911B24BB36}"
EndProject
Project("{2150E333-8FDC-42A3-9474-1A3956D46DE8}") = "Core", "Core", "{0AA9E937-0D94-4034-B318-BD9438A3B82C}"
EndProject
Project("{FAE04EC0-301F-11D3-BF4B-00C04F79EFBC}") = "LearningProject.Shared", "LearningProject.Shared\LearningProject.Shared.csproj", "{A0B2FE10-6D10-42F5-93B0-E02E6AC07869}"
EndProject
Project("{FAE04EC0-301F-11D3-BF4B-00C04F79EFBC}") = "LearningProject.Services", "LearningProject.Services\LearningProject.Services.csproj", "{194BB7B5-BF2F-4974-A963-FEB4A065138B}"
EndProject
Global
	GlobalSection(SolutionConfigurationPlatforms) = preSolution
		Debug|Any CPU = Debug|Any CPU
		Release|Any CPU = Release|Any CPU
	EndGlobalSection
	GlobalSection(ProjectConfigurationPlatforms) = postSolution
		{C6A6B20D-30DB-4EBC-921B-A8F36D74B65C}.Debug|Any CPU.ActiveCfg = Debug|Any CPU
		{C6A6B20D-30DB-4EBC-921B-A8F36D74B65C}.Debug|Any CPU.Build.0 = Debug|Any CPU
		{C6A6B20D-30DB-4EBC-921B-A8F36D74B65C}.Release|Any CPU.ActiveCfg = Release|Any CPU
		{C6A6B20D-30DB-4EBC-921B-A8F36D74B65C}.Release|Any CPU.Build.0 = Release|Any CPU
		{BC0EC0FF-2AD3-49C2-80C0-CF17FE85CFAB}.Debug|Any CPU.ActiveCfg = Debug|Any CPU
		{BC0EC0FF-2AD3-49C2-80C0-CF17FE85CFAB}.Debug|Any CPU.Build.0 = Debug|Any CPU
		{BC0EC0FF-2AD3-49C2-80C0-CF17FE85CFAB}.Release|Any CPU.ActiveCfg = Release|Any CPU
		{BC0EC0FF-2AD3-49C2-80C0-CF17FE85CFAB}.Release|Any CPU.Build.0 = Release|Any CPU
		{2420C286-C01F-451A-B9D5-BD3512969ACB}.Debug|Any CPU.ActiveCfg = Debug|Any CPU
		{2420C286-C01F-451A-B9D5-BD3512969ACB}.Debug|Any CPU.Build.0 = Debug|Any CPU
		{2420C286-C01F-451A-B9D5-BD3512969ACB}.Release|Any CPU.ActiveCfg = Release|Any CPU
		{2420C286-C01F-451A-B9D5-BD3512969ACB}.Release|Any CPU.Build.0 = Release|Any CPU
		{FF8AF174-579A-479C-BF4B-03DE9F2B58AA}.Debug|Any CPU.ActiveCfg = Debug|Any CPU
		{FF8AF174-579A-479C-BF4B-03DE9F2B58AA}.Debug|Any CPU.Build.0 = Debug|Any CPU
		{FF8AF174-579A-479C-BF4B-03DE9F2B58AA}.Release|Any CPU.ActiveCfg = Release|Any CPU
		{FF8AF174-579A-479C-BF4B-03DE9F2B58AA}.Release|Any CPU.Build.0 = Release|Any CPU
		{DA4DFF5C-9665-491B-8884-2C911B24BB36}.Debug|Any CPU.ActiveCfg = Debug|Any CPU
		{DA4DFF5C-9665-491B-8884-2C911B24BB36}.Debug|Any CPU.Build.0 = Debug|Any CPU
		{DA4DFF5C-9665-491B-8884-2C911B24BB36}.Release|Any CPU.ActiveCfg = Release|Any CPU
		{DA4DFF5C-9665-491B-8884-2C911B24BB36}.Release|Any CPU.Build.0 = Release|Any CPU
		{A0B2FE10-6D10-42F5-93B0-E02E6AC07869}.Debug|Any CPU.ActiveCfg = Debug|Any CPU
		{A0B2FE10-6D10-42F5-93B0-E02E6AC07869}.Debug|Any CPU.Build.0 = Debug|Any CPU
		{A0B2FE10-6D10-42F5-93B0-E02E6AC07869}.Release|Any CPU.ActiveCfg = Release|Any CPU
		{A0B2FE10-6D10-42F5-93B0-E02E6AC07869}.Release|Any CPU.Build.0 = Release|Any CPU
		{194BB7B5-BF2F-4974-A963-FEB4A065138B}.Debug|Any CPU.ActiveCfg = Debug|Any CPU
		{194BB7B5-BF2F-4974-A963-FEB4A065138B}.Debug|Any CPU.Build.0 = Debug|Any CPU
		{194BB7B5-BF2F-4974-A963-FEB4A065138B}.Release|Any CPU.ActiveCfg = Release|Any CPU
		{194BB7B5-BF2F-4974-A963-FEB4A065138B}.Release|Any CPU.Build.0 = Release|Any CPU
	EndGlobalSection
	GlobalSection(SolutionProperties) = preSolution
		HideSolutionNode = FALSE
	EndGlobalSection
	GlobalSection(NestedProjects) = preSolution
		{C6A6B20D-30DB-4EBC-921B-A8F36D74B65C} = {A01ABCE2-D45D-4870-AE72-147135720B41}
		{BC0EC0FF-2AD3-49C2-80C0-CF17FE85CFAB} = {A01ABCE2-D45D-4870-AE72-147135720B41}
		{2420C286-C01F-451A-B9D5-BD3512969ACB} = {A5345748-7BE0-44E6-BA78-15363ACB1A89}
		{FF8AF174-579A-479C-BF4B-03DE9F2B58AA} = {E8834ADD-BDE4-4AC1-8835-3D051D957BAE}
		{DA4DFF5C-9665-491B-8884-2C911B24BB36} = {E8834ADD-BDE4-4AC1-8835-3D051D957BAE}
		{A0B2FE10-6D10-42F5-93B0-E02E6AC07869} = {0AA9E937-0D94-4034-B318-BD9438A3B82C}
		{194BB7B5-BF2F-4974-A963-FEB4A065138B} = {0AA9E937-0D94-4034-B318-BD9438A3B82C}
	EndGlobalSection
	GlobalSection(ExtensibilityGlobals) = postSolution
		SolutionGuid = {5302EFB9-8921-4D84-B0A9-F5B94A0546BF}
	EndGlobalSection
EndGlobal
